github.com/GeertJohan/go.rice v0.0.0-20181229193832-0af3f3b09a0a h1:QgnJzkfb29JXtLXJN8alxzPWZhiNcAYZOa06dU5O46w=
github.com/GeertJohan/go.rice v0.0.0-20181229193832-0af3f3b09a0a/go.mod h1:DgrzXonpdQbfN3uYaGz1EG4Sbhyum/MMIn6Cphlh2bw=
github.com/daaku/go.zipexe v0.0.0-20150329023125-a5fe2436ffcb h1:tUf55Po0vzOendQ7NWytcdK0VuzQmfAgvGBUOQvN0WA=
github.com/daaku/go.zipexe v0.0.0-20150329023125-a5fe2436ffcb/go.mod h1:U0vRfAucUOohvdCxt5MWLF+TePIL0xbCkbKIiV8TQCE=
github.com/disintegration/imaging v1.5.0 h1:uYqUhwNmLU4K1FN44vhqS4TZJRAA4RhBINgbQlKyGi0=
github.com/disintegration/imaging v1.5.0/go.mod h1:9B/deIUIrliYkyMTuXJd6OUFLcrZ2tf+3Qlwnaf/CjU=
github.com/gorilla/mux v1.6.2 h1:Pgr17XVTNXAk3q/r4CpKzC5xBM/qW1uVLV+IhRZpIIk=
github.com/gorilla/mux v1.6.2/go.mod h1:1lud6UwP+6orDFRuTfBEV8e9/aOM/c4fVVCaMa2zaAs=
github.com/gosimple/slug v1.4.2 h1:jDmprx3q/9Lfk4FkGZtvzDQ9Cj9eAmsjzeQGp24PeiQ=
github.com/gosimple/slug v1.4.2/go.mod h1:ER78kgg1Mv0NQGlXiDe57DpCyfbNywXXZ9mIorhxAf0=
github.com/pkg/errors v0.8.1 h1:iURUrRGxPUNPdy5/HRSm+Yj6okJ6UtLINN0Q9M4+h3I=
github.com/pkg/errors v0.8.1/go.mod h1:bwawxfHBFNV+L2hUp1rHADufV3IMtnDRdf1r5NINEl0=
github.com/rainycape/unidecode v0.0.0-20150907023854-cb7f23ec59be h1:ta7tUOvsPHVHGom5hKW5VXNc2xZIkfCKP8iaqOyYtUQ=
github.com/rainycape/unidecode v0.0.0-20150907023854-cb7f23ec59be/go.mod h1:MIDFMn7db1kT65GmV94GzpX9Qdi7N/pQlwb+AN8wh+Q=
golang.org/x/image v0.0.0-20181116024801-cd38e8056d9b h1:VHyIDlv3XkfCa5/a81uzaoDkHH4rr81Z62g+xlnO8uM=
golang.org/x/image v0.0.0-20181116024801-cd38e8056d9b/go.mod h1:ux5Hcp/YLpHSI86hEcLt0YII63i6oz57MZXIpbrjZUs=
gopkg.in/h2non/filetype.v1 v1.0.5 h1:CC1jjJjoEhNVbMhXYalmGBhOBK2V70Q1N850wt/98/Y=
gopkg.in/h2non/filetype.v1 v1.0.5/go.mod h1:M0yem4rwSX5lLVrkEuRRp2/NinFMD5vgJ4DlAhZcfNo=
